<?xml version="1.0" encoding="utf-8"?>
<Project ToolsVersion="4.0" xmlns="http://schemas.microsoft.com/developer/msbuild/2003">
  <ItemGroup>
    <Filter Include="源文件">
      <UniqueIdentifier>{4FC737F1-C7A5-4376-A066-2A32D752A2FF}</UniqueIdentifier>
      <Extensions>cpp;c;cc;cxx;def;odl;idl;hpj;bat;asm;asmx</Extensions>
    </Filter>
    <Filter Include="头文件">
      <UniqueIdentifier>{93995380-89BD-4b04-88EB-625FBE52EBFB}</UniqueIdentifier>
      <Extensions>h;hpp;hxx;hm;inl;inc;xsd</Extensions>
    </Filter>
    <Filter Include="资源文件">
      <UniqueIdentifier>{67DA6AB6-F800-4c08-8B7A-83BB121AAD01}</UniqueIdentifier>
      <Extensions>rc;ico;cur;bmp;dlg;rc2;rct;bin;rgs;gif;jpg;jpeg;jpe;resx;tiff;tif;png;wav</Extensions>
    </Filter>
    <Filter Include="SOIL">
      <UniqueIdentifier>{290f1f1c-6ee4-4974-a495-15bf940ec01d}</UniqueIdentifier>
    </Filter>
  </ItemGroup>
  <ItemGroup>
    <ClCompile Include="FixedSplitterWnd.cpp">
      <Filter>源文件</Filter>
    </ClCompile>
    <ClCompile Include="MainFrm.cpp">
      <Filter>源文件</Filter>
    </ClCompile>
    <ClCompile Include="stdafx.cpp">
      <Filter>源文件</Filter>
    </ClCompile>
    <ClCompile Include="Timer.cpp">
      <Filter>源文件</Filter>
    </ClCompile>
    <ClCompile Include="FuncsLib.cpp">
      <Filter>源文件</Filter>
    </ClCompile>
    <ClCompile Include="DataStruct.cpp">
      <Filter>源文件</Filter>
    </ClCompile>
    <ClCompile Include="CBIR.cpp">
      <Filter>源文件</Filter>
    </ClCompile>
    <ClCompile Include="CBIRDoc.cpp">
      <Filter>源文件</Filter>
    </ClCompile>
    <ClCompile Include="CBIRFormView.cpp">
      <Filter>源文件</Filter>
    </ClCompile>
    <ClCompile Include="CBIRView.cpp">
      <Filter>源文件</Filter>
    </ClCompile>
    <ClCompile Include="Canvas.cpp">
      <Filter>源文件</Filter>
    </ClCompile>
    <ClCompile Include="Image.cpp">
      <Filter>源文件</Filter>
    </ClCompile>
    <ClCompile Include="RPResultDlg.cpp">
      <Filter>源文件</Filter>
    </ClCompile>
    <ClCompile Include="RPResult.cpp">
      <Filter>源文件</Filter>
    </ClCompile>
    <ClCompile Include="ImageDsrDlg.cpp">
      <Filter>源文件</Filter>
    </ClCompile>
    <ClCompile Include="BeeColonyAlgo.cpp">
      <Filter>源文件</Filter>
    </ClCompile>
  </ItemGroup>
  <ItemGroup>
    <ClInclude Include="FixedSplitterWnd.h">
      <Filter>头文件</Filter>
    </ClInclude>
    <ClInclude Include="MainFrm.h">
      <Filter>头文件</Filter>
    </ClInclude>
    <ClInclude Include="Resource.h">
      <Filter>头文件</Filter>
    </ClInclude>
    <ClInclude Include="stdafx.h">
      <Filter>头文件</Filter>
    </ClInclude>
    <ClInclude Include="Timer.h">
      <Filter>头文件</Filter>
    </ClInclude>
    <ClInclude Include="DataStruct.h">
      <Filter>头文件</Filter>
    </ClInclude>
    <ClInclude Include="FuncsLib.h">
      <Filter>头文件</Filter>
    </ClInclude>
    <ClInclude Include="image_DXT.h">
      <Filter>SOIL</Filter>
    </ClInclude>
    <ClInclude Include="image_helper.h">
      <Filter>SOIL</Filter>
    </ClInclude>
    <ClInclude Include="SOIL.h">
      <Filter>SOIL</Filter>
    </ClInclude>
    <ClInclude Include="stb_image_aug.h">
      <Filter>SOIL</Filter>
    </ClInclude>
    <ClInclude Include="stbi_DDS_aug_c.h">
      <Filter>SOIL</Filter>
    </ClInclude>
    <ClInclude Include="stbi_DDS_aug.h">
      <Filter>SOIL</Filter>
    </ClInclude>
    <ClInclude Include="CBIRDoc.h">
      <Filter>头文件</Filter>
    </ClInclude>
    <ClInclude Include="CBIRFormView.h">
      <Filter>头文件</Filter>
    </ClInclude>
    <ClInclude Include="CBIRView.h">
      <Filter>头文件</Filter>
    </ClInclude>
    <ClInclude Include="CBIR.h">
      <Filter>头文件</Filter>
    </ClInclude>
    <ClInclude Include="Canvas.h">
      <Filter>头文件</Filter>
    </ClInclude>
    <ClInclude Include="Image.h">
      <Filter>头文件</Filter>
    </ClInclude>
    <ClInclude Include="RPResultDlg.h">
      <Filter>头文件</Filter>
    </ClInclude>
    <ClInclude Include="RPResult.h">
      <Filter>头文件</Filter>
    </ClInclude>
    <ClInclude Include="ImageDsrDlg.h">
      <Filter>头文件</Filter>
    </ClInclude>
    <ClInclude Include="BeeColonyAlgo.h">
      <Filter>头文件</Filter>
    </ClInclude>
  </ItemGroup>
  <ItemGroup>
    <ResourceCompile Include="CBIR.rc">
      <Filter>资源文件</Filter>
    </ResourceCompile>
  </ItemGroup>
  <ItemGroup>
    <None Include="res\CBIR.ico">
      <Filter>资源文件</Filter>
    </None>
    <None Include="res\CBIRDoc.ico">
      <Filter>资源文件</Filter>
    </None>
  </ItemGroup>
</Project>